
Microsoft Visual Studio Solution File, Format Version 12.00
# Visual Studio Version 17
VisualStudioVersion = 17.13.35825.156 d17.13
MinimumVisualStudioVersion = 10.0.40219.1
Project("{FAE04EC0-301F-11D3-BF4B-00C04F79EFBC}") = "Capa_presentacion", "Capa_presentacion\Capa_presentacion.csproj", "{9871DF2A-7FFB-4F14-9430-453255B42388}"
EndProject
Project("{FAE04EC0-301F-11D3-BF4B-00C04F79EFBC}") = "Capa_entidad", "Capa_entidad\Capa_entidad.csproj", "{E28BD0D5-0B0C-4BB1-94CA-40A4C5124E38}"
EndProject
Project("{FAE04EC0-301F-11D3-BF4B-00C04F79EFBC}") = "Capa_negocio", "Capa_negocio\Capa_negocio.csproj", "{1E75190E-A950-4AAE-BB51-95F2A1F5ED3E}"
EndProject
Project("{FAE04EC0-301F-11D3-BF4B-00C04F79EFBC}") = "Capa_datos", "Capa_datos\Capa_datos.csproj", "{D4E8C0E6-F955-4DB7-B8B4-0479CA13093A}"
EndProject
Global
	GlobalSection(SolutionConfigurationPlatforms) = preSolution
		Debug|Any CPU = Debug|Any CPU
		Release|Any CPU = Release|Any CPU
	EndGlobalSection
	GlobalSection(ProjectConfigurationPlatforms) = postSolution
		{9871DF2A-7FFB-4F14-9430-453255B42388}.Debug|Any CPU.ActiveCfg = Debug|Any CPU
		{9871DF2A-7FFB-4F14-9430-453255B42388}.Debug|Any CPU.Build.0 = Debug|Any CPU
		{9871DF2A-7FFB-4F14-9430-453255B42388}.Release|Any CPU.ActiveCfg = Release|Any CPU
		{9871DF2A-7FFB-4F14-9430-453255B42388}.Release|Any CPU.Build.0 = Release|Any CPU
		{E28BD0D5-0B0C-4BB1-94CA-40A4C5124E38}.Debug|Any CPU.ActiveCfg = Debug|Any CPU
		{E28BD0D5-0B0C-4BB1-94CA-40A4C5124E38}.Debug|Any CPU.Build.0 = Debug|Any CPU
		{E28BD0D5-0B0C-4BB1-94CA-40A4C5124E38}.Release|Any CPU.ActiveCfg = Release|Any CPU
		{E28BD0D5-0B0C-4BB1-94CA-40A4C5124E38}.Release|Any CPU.Build.0 = Release|Any CPU
		{1E75190E-A950-4AAE-BB51-95F2A1F5ED3E}.Debug|Any CPU.ActiveCfg = Debug|Any CPU
		{1E75190E-A950-4AAE-BB51-95F2A1F5ED3E}.Debug|Any CPU.Build.0 = Debug|Any CPU
		{1E75190E-A950-4AAE-BB51-95F2A1F5ED3E}.Release|Any CPU.ActiveCfg = Release|Any CPU
		{1E75190E-A950-4AAE-BB51-95F2A1F5ED3E}.Release|Any CPU.Build.0 = Release|Any CPU
		{D4E8C0E6-F955-4DB7-B8B4-0479CA13093A}.Debug|Any CPU.ActiveCfg = Debug|Any CPU
		{D4E8C0E6-F955-4DB7-B8B4-0479CA13093A}.Debug|Any CPU.Build.0 = Debug|Any CPU
		{D4E8C0E6-F955-4DB7-B8B4-0479CA13093A}.Release|Any CPU.ActiveCfg = Release|Any CPU
		{D4E8C0E6-F955-4DB7-B8B4-0479CA13093A}.Release|Any CPU.Build.0 = Release|Any CPU
	EndGlobalSection
	GlobalSection(SolutionProperties) = preSolution
		HideSolutionNode = FALSE
	EndGlobalSection
	GlobalSection(ExtensibilityGlobals) = postSolution
		SolutionGuid = {9E456049-EB9B-4EFA-A35D-EFBD8A2AB401}
	EndGlobalSection
EndGlobal
